
Microsoft Visual Studio Solution File, Format Version 12.00
# Visual Studio Version 16
VisualStudioVersion = 16.0.28714.193
MinimumVisualStudioVersion = 10.0.40219.1
Project("{FAE04EC0-301F-11D3-BF4B-00C04F79EFBC}") = "HistoryCollection.Demo", "HistoryCollection.Demo\HistoryCollection.Demo.csproj", "{0FE01EA7-C92C-419A-874B-494C89D477E2}"
EndProject
Project("{9A19103F-16F7-4668-BE54-9A1E7A4F7556}") = "HistoryCollection", "HistoryCollection\HistoryCollection.csproj", "{A35B2DE5-81C5-4D1C-BDF7-5DA17CCE4142}"
EndProject
Project("{FAE04EC0-301F-11D3-BF4B-00C04F79EFBC}") = "HistoryCollection.Tests", "HistoryCollection.Tests\HistoryCollection.Tests.csproj", "{B711747E-F3C3-468D-9F20-6ABBF0D3F0EA}"
EndProject
Global
	GlobalSection(SolutionConfigurationPlatforms) = preSolution
		Debug|Any CPU = Debug|Any CPU
		Release|Any CPU = Release|Any CPU
	EndGlobalSection
	GlobalSection(ProjectConfigurationPlatforms) = postSolution
		{0FE01EA7-C92C-419A-874B-494C89D477E2}.Debug|Any CPU.ActiveCfg = Debug|Any CPU
		{0FE01EA7-C92C-419A-874B-494C89D477E2}.Debug|Any CPU.Build.0 = Debug|Any CPU
		{0FE01EA7-C92C-419A-874B-494C89D477E2}.Release|Any CPU.ActiveCfg = Release|Any CPU
		{0FE01EA7-C92C-419A-874B-494C89D477E2}.Release|Any CPU.Build.0 = Release|Any CPU
		{A35B2DE5-81C5-4D1C-BDF7-5DA17CCE4142}.Debug|Any CPU.ActiveCfg = Debug|Any CPU
		{A35B2DE5-81C5-4D1C-BDF7-5DA17CCE4142}.Debug|Any CPU.Build.0 = Debug|Any CPU
		{A35B2DE5-81C5-4D1C-BDF7-5DA17CCE4142}.Release|Any CPU.ActiveCfg = Release|Any CPU
		{A35B2DE5-81C5-4D1C-BDF7-5DA17CCE4142}.Release|Any CPU.Build.0 = Release|Any CPU
		{B711747E-F3C3-468D-9F20-6ABBF0D3F0EA}.Debug|Any CPU.ActiveCfg = Debug|Any CPU
		{B711747E-F3C3-468D-9F20-6ABBF0D3F0EA}.Debug|Any CPU.Build.0 = Debug|Any CPU
		{B711747E-F3C3-468D-9F20-6ABBF0D3F0EA}.Release|Any CPU.ActiveCfg = Release|Any CPU
		{B711747E-F3C3-468D-9F20-6ABBF0D3F0EA}.Release|Any CPU.Build.0 = Release|Any CPU
	EndGlobalSection
	GlobalSection(SolutionProperties) = preSolution
		HideSolutionNode = FALSE
	EndGlobalSection
	GlobalSection(ExtensibilityGlobals) = postSolution
		SolutionGuid = {13B0636F-7E2C-4A92-A505-C7B0125594BE}
	EndGlobalSection
EndGlobal
